
Microsoft Visual Studio Solution File, Format Version 12.00
# Visual Studio Version 16
VisualStudioVersion = 16.0.34601.136
MinimumVisualStudioVersion = 10.0.40219.1
Project("{8BC9CEB8-8B4A-11D0-8D11-00A0C91BC942}") = "src", "src.vcxproj", "{E8216253-71F0-45CF-AF97-4FC64C92099D}"
EndProject
Global
	GlobalSection(SolutionConfigurationPlatforms) = preSolution
		Debug|ARM = Debug|ARM
		Debug|x64 = Debug|x64
		Debug|x86 = Debug|x86
		Release|ARM = Release|ARM
		Release|x64 = Release|x64
		Release|x86 = Release|x86
	EndGlobalSection
	GlobalSection(ProjectConfigurationPlatforms) = postSolution
		{E8216253-71F0-45CF-AF97-4FC64C92099D}.Debug|ARM.ActiveCfg = Debug|ARM
		{E8216253-71F0-45CF-AF97-4FC64C92099D}.Debug|ARM.Build.0 = Debug|ARM
		{E8216253-71F0-45CF-AF97-4FC64C92099D}.Debug|x64.ActiveCfg = Debug|x64
		{E8216253-71F0-45CF-AF97-4FC64C92099D}.Debug|x64.Build.0 = Debug|x64
		{E8216253-71F0-45CF-AF97-4FC64C92099D}.Debug|x86.ActiveCfg = Debug|Win32
		{E8216253-71F0-45CF-AF97-4FC64C92099D}.Debug|x86.Build.0 = Debug|Win32
		{E8216253-71F0-45CF-AF97-4FC64C92099D}.Release|ARM.ActiveCfg = Release|ARM
		{E8216253-71F0-45CF-AF97-4FC64C92099D}.Release|ARM.Build.0 = Release|ARM
		{E8216253-71F0-45CF-AF97-4FC64C92099D}.Release|x64.ActiveCfg = Release|x64
		{E8216253-71F0-45CF-AF97-4FC64C92099D}.Release|x64.Build.0 = Release|x64
		{E8216253-71F0-45CF-AF97-4FC64C92099D}.Release|x86.ActiveCfg = Release|Win32
		{E8216253-71F0-45CF-AF97-4FC64C92099D}.Release|x86.Build.0 = Release|Win32
	EndGlobalSection
	GlobalSection(SolutionProperties) = preSolution
		HideSolutionNode = FALSE
	EndGlobalSection
	GlobalSection(ExtensibilityGlobals) = postSolution
		SolutionGuid = {77BE36BA-57AA-41FE-9862-3AA7F03371DA}
	EndGlobalSection
EndGlobal
